
Microsoft Visual Studio Solution File, Format Version 12.00
# Visual Studio 14
VisualStudioVersion = 14.0.23107.0
MinimumVisualStudioVersion = 10.0.40219.1
Project("{F5034706-568F-408A-B7B3-4D38C6DB8A32}") = "psievm", "psievm\psievm.pssproj", "{6CAFC0C6-A428-4D30-A9F9-700E829FEA51}"
EndProject
Project("{2150E333-8FDC-42A3-9474-1A3956D46DE8}") = ".git", ".git", "{A36C2979-4528-4392-91F6-AF450D0A3C12}"
	ProjectSection(SolutionItems) = preProject
		..\.gitattributes = ..\.gitattributes
		..\.gitignore = ..\.gitignore
		..\LICENSE.md = ..\LICENSE.md
		..\README.md = ..\README.md
	EndProjectSection
EndProject
Project("{2150E333-8FDC-42A3-9474-1A3956D46DE8}") = ".appveyor", ".appveyor", "{F5362226-6504-4984-A249-1E3E7ED9AF26}"
	ProjectSection(SolutionItems) = preProject
		.appveyor\appveyor-variables.txt = .appveyor\appveyor-variables.txt
		.appveyor\appveyor.after-build.ps1 = .appveyor\appveyor.after-build.ps1
		.appveyor\appveyor.after-deployment.ps1 = .appveyor\appveyor.after-deployment.ps1
		.appveyor\appveyor.before-build.ps1 = .appveyor\appveyor.before-build.ps1
		.appveyor\appveyor.before-deployment.ps1 = .appveyor\appveyor.before-deployment.ps1
		.appveyor\appveyor.install.ps1 = .appveyor\appveyor.install.ps1
		.appveyor\appveyor.run-tests.ps1 = .appveyor\appveyor.run-tests.ps1
		..\appveyor.yml = ..\appveyor.yml
	EndProjectSection
EndProject
Project("{2150E333-8FDC-42A3-9474-1A3956D46DE8}") = "modules", "modules", "{D9D3FE65-1338-426E-9A13-9D71A8FDC567}"
	ProjectSection(SolutionItems) = preProject
		.appveyor\modules\AppVeyor-Helper.psm1 = .appveyor\modules\AppVeyor-Helper.psm1
		.appveyor\modules\Invoke-MsBuild.psm1 = .appveyor\modules\Invoke-MsBuild.psm1
	EndProjectSection
EndProject
Project("{2150E333-8FDC-42A3-9474-1A3956D46DE8}") = ".build", ".build", "{5C23B540-8B59-4D34-93D7-6660583F1B16}"
	ProjectSection(SolutionItems) = preProject
		.build\BuildPSIEVM.msbuild = .build\BuildPSIEVM.msbuild
		.build\CIProperties.msbuild = .build\CIProperties.msbuild
		.build\TestPSIEVM.msbuild = .build\TestPSIEVM.msbuild
	EndProjectSection
EndProject
Project("{2150E333-8FDC-42A3-9474-1A3956D46DE8}") = ".targets", ".targets", "{A36414B7-E6F1-4072-97C8-1A56B5DE31A9}"
	ProjectSection(SolutionItems) = preProject
		.build\MSBuild.Community.Tasks.dll = .build\MSBuild.Community.Tasks.dll
		.build\MSBuild.Community.Tasks.targets = .build\MSBuild.Community.Tasks.targets
		.build\MSBuild.Deployment.Tasks.dll = .build\MSBuild.Deployment.Tasks.dll
		.build\MSBuild.Deployment.Tasks.pdb = .build\MSBuild.Deployment.Tasks.pdb
		.build\MSBuild.Deployment.Tasks.Targets = .build\MSBuild.Deployment.Tasks.Targets
		.build\MSBuild.Deployment.Tasks.XML = .build\MSBuild.Deployment.Tasks.XML
		.build\MSBuild.Deployment.Tasks.xsd = .build\MSBuild.Deployment.Tasks.xsd
	EndProjectSection
EndProject
Project("{2150E333-8FDC-42A3-9474-1A3956D46DE8}") = ".tools", ".tools", "{3A6AFF35-5587-470E-A4D8-FFC06F755211}"
	ProjectSection(SolutionItems) = preProject
		.tools\7za.exe = .tools\7za.exe
	EndProjectSection
EndProject
Project("{FAE04EC0-301F-11D3-BF4B-00C04F79EFBC}") = "psievm.package", "psievm.package\psievm.package.csproj", "{0451BAEF-DF2E-4B98-8644-94EE9415E389}"
EndProject
Project("{F5034706-568F-408A-B7B3-4D38C6DB8A32}") = "psievm.tests", "psievm.tests\psievm.tests.pssproj", "{39943786-FDDB-4B37-ABE0-1D5E66560ACC}"
EndProject
Global
	GlobalSection(SolutionConfigurationPlatforms) = preSolution
		Debug|Any CPU = Debug|Any CPU
		Release|Any CPU = Release|Any CPU
	EndGlobalSection
	GlobalSection(ProjectConfigurationPlatforms) = postSolution
		{6CAFC0C6-A428-4D30-A9F9-700E829FEA51}.Debug|Any CPU.ActiveCfg = Debug|Any CPU
		{6CAFC0C6-A428-4D30-A9F9-700E829FEA51}.Debug|Any CPU.Build.0 = Debug|Any CPU
		{6CAFC0C6-A428-4D30-A9F9-700E829FEA51}.Release|Any CPU.ActiveCfg = Release|Any CPU
		{6CAFC0C6-A428-4D30-A9F9-700E829FEA51}.Release|Any CPU.Build.0 = Release|Any CPU
		{0451BAEF-DF2E-4B98-8644-94EE9415E389}.Debug|Any CPU.ActiveCfg = Debug|Any CPU
		{0451BAEF-DF2E-4B98-8644-94EE9415E389}.Debug|Any CPU.Build.0 = Debug|Any CPU
		{0451BAEF-DF2E-4B98-8644-94EE9415E389}.Release|Any CPU.ActiveCfg = Release|Any CPU
		{0451BAEF-DF2E-4B98-8644-94EE9415E389}.Release|Any CPU.Build.0 = Release|Any CPU
		{39943786-FDDB-4B37-ABE0-1D5E66560ACC}.Debug|Any CPU.ActiveCfg = Debug|Any CPU
		{39943786-FDDB-4B37-ABE0-1D5E66560ACC}.Debug|Any CPU.Build.0 = Debug|Any CPU
		{39943786-FDDB-4B37-ABE0-1D5E66560ACC}.Release|Any CPU.ActiveCfg = Release|Any CPU
		{39943786-FDDB-4B37-ABE0-1D5E66560ACC}.Release|Any CPU.Build.0 = Release|Any CPU
	EndGlobalSection
	GlobalSection(SolutionProperties) = preSolution
		HideSolutionNode = FALSE
	EndGlobalSection
	GlobalSection(NestedProjects) = preSolution
		{D9D3FE65-1338-426E-9A13-9D71A8FDC567} = {F5362226-6504-4984-A249-1E3E7ED9AF26}
		{A36414B7-E6F1-4072-97C8-1A56B5DE31A9} = {5C23B540-8B59-4D34-93D7-6660583F1B16}
	EndGlobalSection
EndGlobal
